
Microsoft Visual Studio Solution File, Format Version 12.00
# Visual Studio Version 17
VisualStudioVersion = 17.5.33414.496
MinimumVisualStudioVersion = 10.0.40219.1
Project("{FAE04EC0-301F-11D3-BF4B-00C04F79EFBC}") = "MVCKutuphane", "MVCKutuphane\MVCKutuphane.csproj", "{1F47896E-8336-40FF-823E-18139BA3CE36}"
EndProject
Global
	GlobalSection(SolutionConfigurationPlatforms) = preSolution
		Debug|Any CPU = Debug|Any CPU
		Release|Any CPU = Release|Any CPU
	EndGlobalSection
	GlobalSection(ProjectConfigurationPlatforms) = postSolution
		{1F47896E-8336-40FF-823E-18139BA3CE36}.Debug|Any CPU.ActiveCfg = Debug|Any CPU
		{1F47896E-8336-40FF-823E-18139BA3CE36}.Debug|Any CPU.Build.0 = Debug|Any CPU
		{1F47896E-8336-40FF-823E-18139BA3CE36}.Release|Any CPU.ActiveCfg = Release|Any CPU
		{1F47896E-8336-40FF-823E-18139BA3CE36}.Release|Any CPU.Build.0 = Release|Any CPU
	EndGlobalSection
	GlobalSection(SolutionProperties) = preSolution
		HideSolutionNode = FALSE
	EndGlobalSection
	GlobalSection(ExtensibilityGlobals) = postSolution
		SolutionGuid = {6F933C92-3A3E-4F4B-B886-82FDAD7691FC}
	EndGlobalSection
EndGlobal
